
Microsoft Visual Studio Solution File, Format Version 12.00
# Visual Studio Version 17
VisualStudioVersion = 17.10.35122.118
MinimumVisualStudioVersion = 10.0.40219.1
Project("{9A19103F-16F7-4668-BE54-9A1E7A4F7556}") = "DigitalStore", "DigitalStore.csproj", "{8C4053FF-69BD-4856-9C6B-1E7F47F87835}"
EndProject
Global
	GlobalSection(SolutionConfigurationPlatforms) = preSolution
		Debug|Any CPU = Debug|Any CPU
		Release|Any CPU = Release|Any CPU
	EndGlobalSection
	GlobalSection(ProjectConfigurationPlatforms) = postSolution
		{8C4053FF-69BD-4856-9C6B-1E7F47F87835}.Debug|Any CPU.ActiveCfg = Debug|Any CPU
		{8C4053FF-69BD-4856-9C6B-1E7F47F87835}.Debug|Any CPU.Build.0 = Debug|Any CPU
		{8C4053FF-69BD-4856-9C6B-1E7F47F87835}.Release|Any CPU.ActiveCfg = Release|Any CPU
		{8C4053FF-69BD-4856-9C6B-1E7F47F87835}.Release|Any CPU.Build.0 = Release|Any CPU
	EndGlobalSection
	GlobalSection(SolutionProperties) = preSolution
		HideSolutionNode = FALSE
	EndGlobalSection
	GlobalSection(ExtensibilityGlobals) = postSolution
		SolutionGuid = {0BD74EFF-2203-4352-B7EB-9D9E9699ED42}
	EndGlobalSection
EndGlobal
